Microsoft Visual Studio Solution File, Format Version 12.00
# Visual Studio Version 17
VisualStudioVersion = 17.5.2.0
MinimumVisualStudioVersion = 10.0.40219.1
Project("{FAE04EC0-301F-11D3-BF4B-00C04F79EFBC}") = "Day18", "Day18\Day18.csproj", "{DDCE1826-4A0F-CCF9-4168-11F4A72C04F3}"
EndProject
Global
	GlobalSection(SolutionConfigurationPlatforms) = preSolution
		Debug|Any CPU = Debug|Any CPU
		Release|Any CPU = Release|Any CPU
	EndGlobalSection
	GlobalSection(ProjectConfigurationPlatforms) = postSolution
		{DDCE1826-4A0F-CCF9-4168-11F4A72C04F3}.Debug|Any CPU.ActiveCfg = Debug|Any CPU
		{DDCE1826-4A0F-CCF9-4168-11F4A72C04F3}.Debug|Any CPU.Build.0 = Debug|Any CPU
		{DDCE1826-4A0F-CCF9-4168-11F4A72C04F3}.Release|Any CPU.ActiveCfg = Release|Any CPU
		{DDCE1826-4A0F-CCF9-4168-11F4A72C04F3}.Release|Any CPU.Build.0 = Release|Any CPU
	EndGlobalSection
	GlobalSection(SolutionProperties) = preSolution
		HideSolutionNode = FALSE
	EndGlobalSection
	GlobalSection(ExtensibilityGlobals) = postSolution
		SolutionGuid = {07DED85C-5AF2-438B-82F1-5A7618980F94}
	EndGlobalSection
EndGlobal
