Microsoft Visual Studio Solution File, Format Version 12.00
# Visual Studio Version 17
VisualStudioVersion = 17.5.2.0
MinimumVisualStudioVersion = 10.0.40219.1
Project("{FAE04EC0-301F-11D3-BF4B-00C04F79EFBC}") = "Regix", "Regix\Regix.csproj", "{3208A9DC-4BDF-DF08-4346-D54D0523DB77}"
EndProject
Global
	GlobalSection(SolutionConfigurationPlatforms) = preSolution
		Debug|Any CPU = Debug|Any CPU
		Release|Any CPU = Release|Any CPU
	EndGlobalSection
	GlobalSection(ProjectConfigurationPlatforms) = postSolution
		{3208A9DC-4BDF-DF08-4346-D54D0523DB77}.Debug|Any CPU.ActiveCfg = Debug|Any CPU
		{3208A9DC-4BDF-DF08-4346-D54D0523DB77}.Debug|Any CPU.Build.0 = Debug|Any CPU
		{3208A9DC-4BDF-DF08-4346-D54D0523DB77}.Release|Any CPU.ActiveCfg = Release|Any CPU
		{3208A9DC-4BDF-DF08-4346-D54D0523DB77}.Release|Any CPU.Build.0 = Release|Any CPU
	EndGlobalSection
	GlobalSection(SolutionProperties) = preSolution
		HideSolutionNode = FALSE
	EndGlobalSection
	GlobalSection(ExtensibilityGlobals) = postSolution
		SolutionGuid = {AD94746C-2714-42A7-9D70-EF67DAD551D9}
	EndGlobalSection
EndGlobal
