Microsoft Visual Studio Solution File, Format Version 12.00
# Visual Studio Version 17
VisualStudioVersion = 17.5.2.0
MinimumVisualStudioVersion = 10.0.40219.1
Project("{FAE04EC0-301F-11D3-BF4B-00C04F79EFBC}") = "Day17", "Day17\Day17.csproj", "{C93DE6CD-DAC0-B277-4EDB-333E512F14DC}"
EndProject
Global
	GlobalSection(SolutionConfigurationPlatforms) = preSolution
		Debug|Any CPU = Debug|Any CPU
		Release|Any CPU = Release|Any CPU
	EndGlobalSection
	GlobalSection(ProjectConfigurationPlatforms) = postSolution
		{C93DE6CD-DAC0-B277-4EDB-333E512F14DC}.Debug|Any CPU.ActiveCfg = Debug|Any CPU
		{C93DE6CD-DAC0-B277-4EDB-333E512F14DC}.Debug|Any CPU.Build.0 = Debug|Any CPU
		{C93DE6CD-DAC0-B277-4EDB-333E512F14DC}.Release|Any CPU.ActiveCfg = Release|Any CPU
		{C93DE6CD-DAC0-B277-4EDB-333E512F14DC}.Release|Any CPU.Build.0 = Release|Any CPU
	EndGlobalSection
	GlobalSection(SolutionProperties) = preSolution
		HideSolutionNode = FALSE
	EndGlobalSection
	GlobalSection(ExtensibilityGlobals) = postSolution
		SolutionGuid = {24A68168-864A-453B-B41B-7C5833D78D34}
	EndGlobalSection
EndGlobal
