Microsoft Visual Studio Solution File, Format Version 12.00
# Visual Studio Version 17
VisualStudioVersion = 17.5.2.0
MinimumVisualStudioVersion = 10.0.40219.1
Project("{FAE04EC0-301F-11D3-BF4B-00C04F79EFBC}") = "MiniApp", "MiniApp\MiniApp.csproj", "{ECE69000-ADA9-8917-32AD-959C32605860}"
EndProject
Global
	GlobalSection(SolutionConfigurationPlatforms) = preSolution
		Debug|Any CPU = Debug|Any CPU
		Release|Any CPU = Release|Any CPU
	EndGlobalSection
	GlobalSection(ProjectConfigurationPlatforms) = postSolution
		{ECE69000-ADA9-8917-32AD-959C32605860}.Debug|Any CPU.ActiveCfg = Debug|Any CPU
		{ECE69000-ADA9-8917-32AD-959C32605860}.Debug|Any CPU.Build.0 = Debug|Any CPU
		{ECE69000-ADA9-8917-32AD-959C32605860}.Release|Any CPU.ActiveCfg = Release|Any CPU
		{ECE69000-ADA9-8917-32AD-959C32605860}.Release|Any CPU.Build.0 = Release|Any CPU
	EndGlobalSection
	GlobalSection(SolutionProperties) = preSolution
		HideSolutionNode = FALSE
	EndGlobalSection
	GlobalSection(ExtensibilityGlobals) = postSolution
		SolutionGuid = {42EAC898-E294-40C4-8609-79673694A6DF}
	EndGlobalSection
EndGlobal
